
Microsoft Visual Studio Solution File, Format Version 12.00
# Visual Studio Version 17
VisualStudioVersion = 17.12.35527.113
MinimumVisualStudioVersion = 10.0.40219.1
Project("{FAE04EC0-301F-11D3-BF4B-00C04F79EFBC}") = "20241218_interfaces_practice", "20241218_interfaces_practice\20241218_interfaces_practice.csproj", "{BE4C3B20-B2C1-456F-B6B8-CCDA985745A1}"
EndProject
Project("{FAE04EC0-301F-11D3-BF4B-00C04F79EFBC}") = "20241218_task2", "20241218_task2\20241218_task2.csproj", "{46067E8D-1F2D-4A47-AAD6-6AADC91D7489}"
EndProject
Project("{FAE04EC0-301F-11D3-BF4B-00C04F79EFBC}") = "20241218_task3", "20241218_task3\20241218_task3.csproj", "{E404602E-D5B2-4F6D-A63A-D0A9B76C0FE6}"
EndProject
Project("{FAE04EC0-301F-11D3-BF4B-00C04F79EFBC}") = "20241219_task4", "20241219_task4\20241219_task4.csproj", "{9A150EF9-A9BD-4273-8EC4-D7DA6FD2B31E}"
EndProject
Project("{FAE04EC0-301F-11D3-BF4B-00C04F79EFBC}") = "20241219_task5", "20241219_task5\20241219_task5.csproj", "{AEBB2E8D-2DAD-4E22-8CBB-728F04D4A79E}"
EndProject
Project("{FAE04EC0-301F-11D3-BF4B-00C04F79EFBC}") = "20241219_task7", "20241219_task7\20241219_task7.csproj", "{C8E00046-5598-4AD1-AEC9-3B016DA78860}"
EndProject
Project("{FAE04EC0-301F-11D3-BF4B-00C04F79EFBC}") = "20241219_task6", "20241219_task6\20241219_task6.csproj", "{8736E4AB-1C84-4883-92D2-56C698A1D86F}"
EndProject
Global
	GlobalSection(SolutionConfigurationPlatforms) = preSolution
		Debug|Any CPU = Debug|Any CPU
		Release|Any CPU = Release|Any CPU
	EndGlobalSection
	GlobalSection(ProjectConfigurationPlatforms) = postSolution
		{BE4C3B20-B2C1-456F-B6B8-CCDA985745A1}.Debug|Any CPU.ActiveCfg = Debug|Any CPU
		{BE4C3B20-B2C1-456F-B6B8-CCDA985745A1}.Debug|Any CPU.Build.0 = Debug|Any CPU
		{BE4C3B20-B2C1-456F-B6B8-CCDA985745A1}.Release|Any CPU.ActiveCfg = Release|Any CPU
		{BE4C3B20-B2C1-456F-B6B8-CCDA985745A1}.Release|Any CPU.Build.0 = Release|Any CPU
		{46067E8D-1F2D-4A47-AAD6-6AADC91D7489}.Debug|Any CPU.ActiveCfg = Debug|Any CPU
		{46067E8D-1F2D-4A47-AAD6-6AADC91D7489}.Debug|Any CPU.Build.0 = Debug|Any CPU
		{46067E8D-1F2D-4A47-AAD6-6AADC91D7489}.Release|Any CPU.ActiveCfg = Release|Any CPU
		{46067E8D-1F2D-4A47-AAD6-6AADC91D7489}.Release|Any CPU.Build.0 = Release|Any CPU
		{E404602E-D5B2-4F6D-A63A-D0A9B76C0FE6}.Debug|Any CPU.ActiveCfg = Debug|Any CPU
		{E404602E-D5B2-4F6D-A63A-D0A9B76C0FE6}.Debug|Any CPU.Build.0 = Debug|Any CPU
		{E404602E-D5B2-4F6D-A63A-D0A9B76C0FE6}.Release|Any CPU.ActiveCfg = Release|Any CPU
		{E404602E-D5B2-4F6D-A63A-D0A9B76C0FE6}.Release|Any CPU.Build.0 = Release|Any CPU
		{9A150EF9-A9BD-4273-8EC4-D7DA6FD2B31E}.Debug|Any CPU.ActiveCfg = Debug|Any CPU
		{9A150EF9-A9BD-4273-8EC4-D7DA6FD2B31E}.Debug|Any CPU.Build.0 = Debug|Any CPU
		{9A150EF9-A9BD-4273-8EC4-D7DA6FD2B31E}.Release|Any CPU.ActiveCfg = Release|Any CPU
		{9A150EF9-A9BD-4273-8EC4-D7DA6FD2B31E}.Release|Any CPU.Build.0 = Release|Any CPU
		{AEBB2E8D-2DAD-4E22-8CBB-728F04D4A79E}.Debug|Any CPU.ActiveCfg = Debug|Any CPU
		{AEBB2E8D-2DAD-4E22-8CBB-728F04D4A79E}.Debug|Any CPU.Build.0 = Debug|Any CPU
		{AEBB2E8D-2DAD-4E22-8CBB-728F04D4A79E}.Release|Any CPU.ActiveCfg = Release|Any CPU
		{AEBB2E8D-2DAD-4E22-8CBB-728F04D4A79E}.Release|Any CPU.Build.0 = Release|Any CPU
		{C8E00046-5598-4AD1-AEC9-3B016DA78860}.Debug|Any CPU.ActiveCfg = Debug|Any CPU
		{C8E00046-5598-4AD1-AEC9-3B016DA78860}.Debug|Any CPU.Build.0 = Debug|Any CPU
		{C8E00046-5598-4AD1-AEC9-3B016DA78860}.Release|Any CPU.ActiveCfg = Release|Any CPU
		{C8E00046-5598-4AD1-AEC9-3B016DA78860}.Release|Any CPU.Build.0 = Release|Any CPU
		{8736E4AB-1C84-4883-92D2-56C698A1D86F}.Debug|Any CPU.ActiveCfg = Debug|Any CPU
		{8736E4AB-1C84-4883-92D2-56C698A1D86F}.Debug|Any CPU.Build.0 = Debug|Any CPU
		{8736E4AB-1C84-4883-92D2-56C698A1D86F}.Release|Any CPU.ActiveCfg = Release|Any CPU
		{8736E4AB-1C84-4883-92D2-56C698A1D86F}.Release|Any CPU.Build.0 = Release|Any CPU
	EndGlobalSection
	GlobalSection(SolutionProperties) = preSolution
		HideSolutionNode = FALSE
	EndGlobalSection
EndGlobal
